
Microsoft Visual Studio Solution File, Format Version 12.00
# Visual Studio Version 16
VisualStudioVersion = 16.0.29326.143
MinimumVisualStudioVersion = 10.0.40219.1
Project("{FAE04EC0-301F-11D3-BF4B-00C04F79EFBC}") = "WebApplicationAPI", "WebApplicationAPI\WebApplicationAPI.csproj", "{B068B29F-47AC-4BDA-975D-2658434F4738}"
EndProject
Project("{FAE04EC0-301F-11D3-BF4B-00C04F79EFBC}") = "WebSite.Business", "WebSite.Business\WebSite.Business.csproj", "{39336FC4-DF36-4A87-A1E9-EB39434E576C}"
EndProject
Project("{FAE04EC0-301F-11D3-BF4B-00C04F79EFBC}") = "WebSite.Data", "WebSite.Data\WebSite.Data.csproj", "{97B642A1-43B8-4662-9F14-3FD30B7CA001}"
EndProject
Project("{FAE04EC0-301F-11D3-BF4B-00C04F79EFBC}") = "WebSite.Entities", "WebSite.Entities\WebSite.Entities.csproj", "{F6F99679-5830-40C5-9433-1361F60799A8}"
EndProject
Project("{E24C65DC-7377-472B-9ABA-BC803B73C61A}") = "WebSite", "WebSite\", "{08354612-A13B-4D2F-B58F-9C7E81895931}"
	ProjectSection(WebsiteProperties) = preProject
		TargetFrameworkMoniker = ".NETFramework,Version%3Dv4.6.1"
		ProjectReferences = "{6c89944a-a063-4b98-b844-523c3c19d49f}|WebSite.Business.dll;{bc4897c0-9ee3-407a-b15f-e27dfab9b36b}|WebSite.Data.dll;{12d71589-88c9-4468-a9a6-6355eb95b2d3}|WebSite.Entities.dll;{b068b29f-47ac-4bda-975d-2658434f4738}|WebApplicationAPI.dll;"
		Debug.AspNetCompiler.VirtualPath = "/localhost_51352"
		Debug.AspNetCompiler.PhysicalPath = "WebSite\"
		Debug.AspNetCompiler.TargetPath = "PrecompiledWeb\localhost_51352\"
		Debug.AspNetCompiler.Updateable = "true"
		Debug.AspNetCompiler.ForceOverwrite = "true"
		Debug.AspNetCompiler.FixedNames = "false"
		Debug.AspNetCompiler.Debug = "True"
		Release.AspNetCompiler.VirtualPath = "/localhost_51352"
		Release.AspNetCompiler.PhysicalPath = "WebSite\"
		Release.AspNetCompiler.TargetPath = "PrecompiledWeb\localhost_51352\"
		Release.AspNetCompiler.Updateable = "true"
		Release.AspNetCompiler.ForceOverwrite = "true"
		Release.AspNetCompiler.FixedNames = "false"
		Release.AspNetCompiler.Debug = "False"
		VWDPort = "51352"
		SlnRelativePath = "WebSite\"
		DefaultWebSiteLanguage = "Visual C#"
	EndProjectSection
EndProject
Global
	GlobalSection(SolutionConfigurationPlatforms) = preSolution
		Debug|Any CPU = Debug|Any CPU
		Debug|ARM = Debug|ARM
		Debug|ARM64 = Debug|ARM64
		Debug|x64 = Debug|x64
		Debug|x86 = Debug|x86
		Release|Any CPU = Release|Any CPU
		Release|ARM = Release|ARM
		Release|ARM64 = Release|ARM64
		Release|x64 = Release|x64
		Release|x86 = Release|x86
	EndGlobalSection
	GlobalSection(ProjectConfigurationPlatforms) = postSolution
		{B068B29F-47AC-4BDA-975D-2658434F4738}.Debug|Any CPU.ActiveCfg = Debug|Any CPU
		{B068B29F-47AC-4BDA-975D-2658434F4738}.Debug|Any CPU.Build.0 = Debug|Any CPU
		{B068B29F-47AC-4BDA-975D-2658434F4738}.Debug|ARM.ActiveCfg = Debug|Any CPU
		{B068B29F-47AC-4BDA-975D-2658434F4738}.Debug|ARM.Build.0 = Debug|Any CPU
		{B068B29F-47AC-4BDA-975D-2658434F4738}.Debug|ARM64.ActiveCfg = Debug|Any CPU
		{B068B29F-47AC-4BDA-975D-2658434F4738}.Debug|ARM64.Build.0 = Debug|Any CPU
		{B068B29F-47AC-4BDA-975D-2658434F4738}.Debug|x64.ActiveCfg = Debug|Any CPU
		{B068B29F-47AC-4BDA-975D-2658434F4738}.Debug|x64.Build.0 = Debug|Any CPU
		{B068B29F-47AC-4BDA-975D-2658434F4738}.Debug|x86.ActiveCfg = Debug|Any CPU
		{B068B29F-47AC-4BDA-975D-2658434F4738}.Debug|x86.Build.0 = Debug|Any CPU
		{B068B29F-47AC-4BDA-975D-2658434F4738}.Release|Any CPU.ActiveCfg = Release|Any CPU
		{B068B29F-47AC-4BDA-975D-2658434F4738}.Release|Any CPU.Build.0 = Release|Any CPU
		{B068B29F-47AC-4BDA-975D-2658434F4738}.Release|ARM.ActiveCfg = Release|Any CPU
		{B068B29F-47AC-4BDA-975D-2658434F4738}.Release|ARM.Build.0 = Release|Any CPU
		{B068B29F-47AC-4BDA-975D-2658434F4738}.Release|ARM64.ActiveCfg = Release|Any CPU
		{B068B29F-47AC-4BDA-975D-2658434F4738}.Release|ARM64.Build.0 = Release|Any CPU
		{B068B29F-47AC-4BDA-975D-2658434F4738}.Release|x64.ActiveCfg = Release|Any CPU
		{B068B29F-47AC-4BDA-975D-2658434F4738}.Release|x64.Build.0 = Release|Any CPU
		{B068B29F-47AC-4BDA-975D-2658434F4738}.Release|x86.ActiveCfg = Release|Any CPU
		{B068B29F-47AC-4BDA-975D-2658434F4738}.Release|x86.Build.0 = Release|Any CPU
		{39336FC4-DF36-4A87-A1E9-EB39434E576C}.Debug|Any CPU.ActiveCfg = Debug|Any CPU
		{39336FC4-DF36-4A87-A1E9-EB39434E576C}.Debug|Any CPU.Build.0 = Debug|Any CPU
		{39336FC4-DF36-4A87-A1E9-EB39434E576C}.Debug|ARM.ActiveCfg = Debug|Any CPU
		{39336FC4-DF36-4A87-A1E9-EB39434E576C}.Debug|ARM.Build.0 = Debug|Any CPU
		{39336FC4-DF36-4A87-A1E9-EB39434E576C}.Debug|ARM64.ActiveCfg = Debug|Any CPU
		{39336FC4-DF36-4A87-A1E9-EB39434E576C}.Debug|ARM64.Build.0 = Debug|Any CPU
		{39336FC4-DF36-4A87-A1E9-EB39434E576C}.Debug|x64.ActiveCfg = Debug|Any CPU
		{39336FC4-DF36-4A87-A1E9-EB39434E576C}.Debug|x64.Build.0 = Debug|Any CPU
		{39336FC4-DF36-4A87-A1E9-EB39434E576C}.Debug|x86.ActiveCfg = Debug|Any CPU
		{39336FC4-DF36-4A87-A1E9-EB39434E576C}.Debug|x86.Build.0 = Debug|Any CPU
		{39336FC4-DF36-4A87-A1E9-EB39434E576C}.Release|Any CPU.ActiveCfg = Release|Any CPU
		{39336FC4-DF36-4A87-A1E9-EB39434E576C}.Release|Any CPU.Build.0 = Release|Any CPU
		{39336FC4-DF36-4A87-A1E9-EB39434E576C}.Release|ARM.ActiveCfg = Release|Any CPU
		{39336FC4-DF36-4A87-A1E9-EB39434E576C}.Release|ARM.Build.0 = Release|Any CPU
		{39336FC4-DF36-4A87-A1E9-EB39434E576C}.Release|ARM64.ActiveCfg = Release|Any CPU
		{39336FC4-DF36-4A87-A1E9-EB39434E576C}.Release|ARM64.Build.0 = Release|Any CPU
		{39336FC4-DF36-4A87-A1E9-EB39434E576C}.Release|x64.ActiveCfg = Release|Any CPU
		{39336FC4-DF36-4A87-A1E9-EB39434E576C}.Release|x64.Build.0 = Release|Any CPU
		{39336FC4-DF36-4A87-A1E9-EB39434E576C}.Release|x86.ActiveCfg = Release|Any CPU
		{39336FC4-DF36-4A87-A1E9-EB39434E576C}.Release|x86.Build.0 = Release|Any CPU
		{97B642A1-43B8-4662-9F14-3FD30B7CA001}.Debug|Any CPU.ActiveCfg = Debug|Any CPU
		{97B642A1-43B8-4662-9F14-3FD30B7CA001}.Debug|Any CPU.Build.0 = Debug|Any CPU
		{97B642A1-43B8-4662-9F14-3FD30B7CA001}.Debug|ARM.ActiveCfg = Debug|Any CPU
		{97B642A1-43B8-4662-9F14-3FD30B7CA001}.Debug|ARM.Build.0 = Debug|Any CPU
		{97B642A1-43B8-4662-9F14-3FD30B7CA001}.Debug|ARM64.ActiveCfg = Debug|Any CPU
		{97B642A1-43B8-4662-9F14-3FD30B7CA001}.Debug|ARM64.Build.0 = Debug|Any CPU
		{97B642A1-43B8-4662-9F14-3FD30B7CA001}.Debug|x64.ActiveCfg = Debug|Any CPU
		{97B642A1-43B8-4662-9F14-3FD30B7CA001}.Debug|x64.Build.0 = Debug|Any CPU
		{97B642A1-43B8-4662-9F14-3FD30B7CA001}.Debug|x86.ActiveCfg = Debug|Any CPU
		{97B642A1-43B8-4662-9F14-3FD30B7CA001}.Debug|x86.Build.0 = Debug|Any CPU
		{97B642A1-43B8-4662-9F14-3FD30B7CA001}.Release|Any CPU.ActiveCfg = Release|Any CPU
		{97B642A1-43B8-4662-9F14-3FD30B7CA001}.Release|Any CPU.Build.0 = Release|Any CPU
		{97B642A1-43B8-4662-9F14-3FD30B7CA001}.Release|ARM.ActiveCfg = Release|Any CPU
		{97B642A1-43B8-4662-9F14-3FD30B7CA001}.Release|ARM.Build.0 = Release|Any CPU
		{97B642A1-43B8-4662-9F14-3FD30B7CA001}.Release|ARM64.ActiveCfg = Release|Any CPU
		{97B642A1-43B8-4662-9F14-3FD30B7CA001}.Release|ARM64.Build.0 = Release|Any CPU
		{97B642A1-43B8-4662-9F14-3FD30B7CA001}.Release|x64.ActiveCfg = Release|Any CPU
		{97B642A1-43B8-4662-9F14-3FD30B7CA001}.Release|x64.Build.0 = Release|Any CPU
		{97B642A1-43B8-4662-9F14-3FD30B7CA001}.Release|x86.ActiveCfg = Release|Any CPU
		{97B642A1-43B8-4662-9F14-3FD30B7CA001}.Release|x86.Build.0 = Release|Any CPU
		{F6F99679-5830-40C5-9433-1361F60799A8}.Debug|Any CPU.ActiveCfg = Debug|Any CPU
		{F6F99679-5830-40C5-9433-1361F60799A8}.Debug|Any CPU.Build.0 = Debug|Any CPU
		{F6F99679-5830-40C5-9433-1361F60799A8}.Debug|ARM.ActiveCfg = Debug|Any CPU
		{F6F99679-5830-40C5-9433-1361F60799A8}.Debug|ARM.Build.0 = Debug|Any CPU
		{F6F99679-5830-40C5-9433-1361F60799A8}.Debug|ARM64.ActiveCfg = Debug|Any CPU
		{F6F99679-5830-40C5-9433-1361F60799A8}.Debug|ARM64.Build.0 = Debug|Any CPU
		{F6F99679-5830-40C5-9433-1361F60799A8}.Debug|x64.ActiveCfg = Debug|Any CPU
		{F6F99679-5830-40C5-9433-1361F60799A8}.Debug|x64.Build.0 = Debug|Any CPU
		{F6F99679-5830-40C5-9433-1361F60799A8}.Debug|x86.ActiveCfg = Debug|Any CPU
		{F6F99679-5830-40C5-9433-1361F60799A8}.Debug|x86.Build.0 = Debug|Any CPU
		{F6F99679-5830-40C5-9433-1361F60799A8}.Release|Any CPU.ActiveCfg = Release|Any CPU
		{F6F99679-5830-40C5-9433-1361F60799A8}.Release|Any CPU.Build.0 = Release|Any CPU
		{F6F99679-5830-40C5-9433-1361F60799A8}.Release|ARM.ActiveCfg = Release|Any CPU
		{F6F99679-5830-40C5-9433-1361F60799A8}.Release|ARM.Build.0 = Release|Any CPU
		{F6F99679-5830-40C5-9433-1361F60799A8}.Release|ARM64.ActiveCfg = Release|Any CPU
		{F6F99679-5830-40C5-9433-1361F60799A8}.Release|ARM64.Build.0 = Release|Any CPU
		{F6F99679-5830-40C5-9433-1361F60799A8}.Release|x64.ActiveCfg = Release|Any CPU
		{F6F99679-5830-40C5-9433-1361F60799A8}.Release|x64.Build.0 = Release|Any CPU
		{F6F99679-5830-40C5-9433-1361F60799A8}.Release|x86.ActiveCfg = Release|Any CPU
		{F6F99679-5830-40C5-9433-1361F60799A8}.Release|x86.Build.0 = Release|Any CPU
		{08354612-A13B-4D2F-B58F-9C7E81895931}.Debug|Any CPU.ActiveCfg = Debug|Any CPU
		{08354612-A13B-4D2F-B58F-9C7E81895931}.Debug|Any CPU.Build.0 = Debug|Any CPU
		{08354612-A13B-4D2F-B58F-9C7E81895931}.Debug|ARM.ActiveCfg = Debug|Any CPU
		{08354612-A13B-4D2F-B58F-9C7E81895931}.Debug|ARM.Build.0 = Debug|Any CPU
		{08354612-A13B-4D2F-B58F-9C7E81895931}.Debug|ARM64.ActiveCfg = Debug|Any CPU
		{08354612-A13B-4D2F-B58F-9C7E81895931}.Debug|ARM64.Build.0 = Debug|Any CPU
		{08354612-A13B-4D2F-B58F-9C7E81895931}.Debug|x64.ActiveCfg = Debug|Any CPU
		{08354612-A13B-4D2F-B58F-9C7E81895931}.Debug|x64.Build.0 = Debug|Any CPU
		{08354612-A13B-4D2F-B58F-9C7E81895931}.Debug|x86.ActiveCfg = Debug|Any CPU
		{08354612-A13B-4D2F-B58F-9C7E81895931}.Debug|x86.Build.0 = Debug|Any CPU
		{08354612-A13B-4D2F-B58F-9C7E81895931}.Release|Any CPU.ActiveCfg = Debug|Any CPU
		{08354612-A13B-4D2F-B58F-9C7E81895931}.Release|Any CPU.Build.0 = Debug|Any CPU
		{08354612-A13B-4D2F-B58F-9C7E81895931}.Release|ARM.ActiveCfg = Debug|Any CPU
		{08354612-A13B-4D2F-B58F-9C7E81895931}.Release|ARM.Build.0 = Debug|Any CPU
		{08354612-A13B-4D2F-B58F-9C7E81895931}.Release|ARM64.ActiveCfg = Debug|Any CPU
		{08354612-A13B-4D2F-B58F-9C7E81895931}.Release|ARM64.Build.0 = Debug|Any CPU
		{08354612-A13B-4D2F-B58F-9C7E81895931}.Release|x64.ActiveCfg = Debug|Any CPU
		{08354612-A13B-4D2F-B58F-9C7E81895931}.Release|x64.Build.0 = Debug|Any CPU
		{08354612-A13B-4D2F-B58F-9C7E81895931}.Release|x86.ActiveCfg = Debug|Any CPU
		{08354612-A13B-4D2F-B58F-9C7E81895931}.Release|x86.Build.0 = Debug|Any CPU
	EndGlobalSection
	GlobalSection(SolutionProperties) = preSolution
		HideSolutionNode = FALSE
	EndGlobalSection
	GlobalSection(ExtensibilityGlobals) = postSolution
		SolutionGuid = {DE59C1EF-3B6D-4866-A44A-F44F72FBA0DC}
	EndGlobalSection
EndGlobal
