
Microsoft Visual Studio Solution File, Format Version 12.00
# Visual Studio 15
VisualStudioVersion = 15.0.28307.852
MinimumVisualStudioVersion = 10.0.40219.1
Project("{FAE04EC0-301F-11D3-BF4B-00C04F79EFBC}") = "WebApplicationAPI", "WebApplicationAPI\WebApplicationAPI.csproj", "{B068B29F-47AC-4BDA-975D-2658434F4738}"
EndProject
Project("{FAE04EC0-301F-11D3-BF4B-00C04F79EFBC}") = "WebSite.Data", "WebSite.Data\WebSite.Data.csproj", "{38B340F8-6992-4A6B-B704-27495F6E21AC}"
EndProject
Project("{FAE04EC0-301F-11D3-BF4B-00C04F79EFBC}") = "WebSite.Business", "WebSite.Business\WebSite.Business.csproj", "{0D507E48-DECD-4DED-B777-A4686390F1CB}"
EndProject
Project("{FAE04EC0-301F-11D3-BF4B-00C04F79EFBC}") = "WebSite.Entities", "WebSite.Entities\WebSite.Entities.csproj", "{AD8EAED9-90E1-401F-AA1A-687554D7E94A}"
EndProject
Project("{E24C65DC-7377-472B-9ABA-BC803B73C61A}") = "WebSite", "WebSite\", "{AAFB9F86-8EDB-4E9B-9B7B-488B627C3929}"
	ProjectSection(WebsiteProperties) = preProject
		TargetFrameworkMoniker = ".NETFramework,Version%3Dv4.6.1"
		Debug.AspNetCompiler.VirtualPath = "/localhost_50667"
		Debug.AspNetCompiler.PhysicalPath = "WebSite\"
		Debug.AspNetCompiler.TargetPath = "PrecompiledWeb\localhost_50667\"
		Debug.AspNetCompiler.Updateable = "true"
		Debug.AspNetCompiler.ForceOverwrite = "true"
		Debug.AspNetCompiler.FixedNames = "false"
		Debug.AspNetCompiler.Debug = "True"
		Release.AspNetCompiler.VirtualPath = "/localhost_50667"
		Release.AspNetCompiler.PhysicalPath = "WebSite\"
		Release.AspNetCompiler.TargetPath = "PrecompiledWeb\localhost_50667\"
		Release.AspNetCompiler.Updateable = "true"
		Release.AspNetCompiler.ForceOverwrite = "true"
		Release.AspNetCompiler.FixedNames = "false"
		Release.AspNetCompiler.Debug = "False"
		VWDPort = "50667"
		SlnRelativePath = "WebSite\"
	EndProjectSection
EndProject
Global
	GlobalSection(SolutionConfigurationPlatforms) = preSolution
		Debug|Any CPU = Debug|Any CPU
		Debug|ARM = Debug|ARM
		Debug|ARM64 = Debug|ARM64
		Debug|x64 = Debug|x64
		Debug|x86 = Debug|x86
		Release|Any CPU = Release|Any CPU
		Release|ARM = Release|ARM
		Release|ARM64 = Release|ARM64
		Release|x64 = Release|x64
		Release|x86 = Release|x86
	EndGlobalSection
	GlobalSection(ProjectConfigurationPlatforms) = postSolution
		{B068B29F-47AC-4BDA-975D-2658434F4738}.Debug|Any CPU.ActiveCfg = Debug|Any CPU
		{B068B29F-47AC-4BDA-975D-2658434F4738}.Debug|Any CPU.Build.0 = Debug|Any CPU
		{B068B29F-47AC-4BDA-975D-2658434F4738}.Debug|ARM.ActiveCfg = Debug|Any CPU
		{B068B29F-47AC-4BDA-975D-2658434F4738}.Debug|ARM.Build.0 = Debug|Any CPU
		{B068B29F-47AC-4BDA-975D-2658434F4738}.Debug|ARM64.ActiveCfg = Debug|Any CPU
		{B068B29F-47AC-4BDA-975D-2658434F4738}.Debug|ARM64.Build.0 = Debug|Any CPU
		{B068B29F-47AC-4BDA-975D-2658434F4738}.Debug|x64.ActiveCfg = Debug|Any CPU
		{B068B29F-47AC-4BDA-975D-2658434F4738}.Debug|x64.Build.0 = Debug|Any CPU
		{B068B29F-47AC-4BDA-975D-2658434F4738}.Debug|x86.ActiveCfg = Debug|Any CPU
		{B068B29F-47AC-4BDA-975D-2658434F4738}.Debug|x86.Build.0 = Debug|Any CPU
		{B068B29F-47AC-4BDA-975D-2658434F4738}.Release|Any CPU.ActiveCfg = Release|Any CPU
		{B068B29F-47AC-4BDA-975D-2658434F4738}.Release|Any CPU.Build.0 = Release|Any CPU
		{B068B29F-47AC-4BDA-975D-2658434F4738}.Release|ARM.ActiveCfg = Release|Any CPU
		{B068B29F-47AC-4BDA-975D-2658434F4738}.Release|ARM.Build.0 = Release|Any CPU
		{B068B29F-47AC-4BDA-975D-2658434F4738}.Release|ARM64.ActiveCfg = Release|Any CPU
		{B068B29F-47AC-4BDA-975D-2658434F4738}.Release|ARM64.Build.0 = Release|Any CPU
		{B068B29F-47AC-4BDA-975D-2658434F4738}.Release|x64.ActiveCfg = Release|Any CPU
		{B068B29F-47AC-4BDA-975D-2658434F4738}.Release|x64.Build.0 = Release|Any CPU
		{B068B29F-47AC-4BDA-975D-2658434F4738}.Release|x86.ActiveCfg = Release|Any CPU
		{B068B29F-47AC-4BDA-975D-2658434F4738}.Release|x86.Build.0 = Release|Any CPU
		{38B340F8-6992-4A6B-B704-27495F6E21AC}.Debug|Any CPU.ActiveCfg = Debug|Any CPU
		{38B340F8-6992-4A6B-B704-27495F6E21AC}.Debug|Any CPU.Build.0 = Debug|Any CPU
		{38B340F8-6992-4A6B-B704-27495F6E21AC}.Debug|ARM.ActiveCfg = Debug|Any CPU
		{38B340F8-6992-4A6B-B704-27495F6E21AC}.Debug|ARM.Build.0 = Debug|Any CPU
		{38B340F8-6992-4A6B-B704-27495F6E21AC}.Debug|ARM64.ActiveCfg = Debug|Any CPU
		{38B340F8-6992-4A6B-B704-27495F6E21AC}.Debug|ARM64.Build.0 = Debug|Any CPU
		{38B340F8-6992-4A6B-B704-27495F6E21AC}.Debug|x64.ActiveCfg = Debug|Any CPU
		{38B340F8-6992-4A6B-B704-27495F6E21AC}.Debug|x64.Build.0 = Debug|Any CPU
		{38B340F8-6992-4A6B-B704-27495F6E21AC}.Debug|x86.ActiveCfg = Debug|Any CPU
		{38B340F8-6992-4A6B-B704-27495F6E21AC}.Debug|x86.Build.0 = Debug|Any CPU
		{38B340F8-6992-4A6B-B704-27495F6E21AC}.Release|Any CPU.ActiveCfg = Release|Any CPU
		{38B340F8-6992-4A6B-B704-27495F6E21AC}.Release|Any CPU.Build.0 = Release|Any CPU
		{38B340F8-6992-4A6B-B704-27495F6E21AC}.Release|ARM.ActiveCfg = Release|Any CPU
		{38B340F8-6992-4A6B-B704-27495F6E21AC}.Release|ARM.Build.0 = Release|Any CPU
		{38B340F8-6992-4A6B-B704-27495F6E21AC}.Release|ARM64.ActiveCfg = Release|Any CPU
		{38B340F8-6992-4A6B-B704-27495F6E21AC}.Release|ARM64.Build.0 = Release|Any CPU
		{38B340F8-6992-4A6B-B704-27495F6E21AC}.Release|x64.ActiveCfg = Release|Any CPU
		{38B340F8-6992-4A6B-B704-27495F6E21AC}.Release|x64.Build.0 = Release|Any CPU
		{38B340F8-6992-4A6B-B704-27495F6E21AC}.Release|x86.ActiveCfg = Release|Any CPU
		{38B340F8-6992-4A6B-B704-27495F6E21AC}.Release|x86.Build.0 = Release|Any CPU
		{0D507E48-DECD-4DED-B777-A4686390F1CB}.Debug|Any CPU.ActiveCfg = Debug|Any CPU
		{0D507E48-DECD-4DED-B777-A4686390F1CB}.Debug|Any CPU.Build.0 = Debug|Any CPU
		{0D507E48-DECD-4DED-B777-A4686390F1CB}.Debug|ARM.ActiveCfg = Debug|Any CPU
		{0D507E48-DECD-4DED-B777-A4686390F1CB}.Debug|ARM.Build.0 = Debug|Any CPU
		{0D507E48-DECD-4DED-B777-A4686390F1CB}.Debug|ARM64.ActiveCfg = Debug|Any CPU
		{0D507E48-DECD-4DED-B777-A4686390F1CB}.Debug|ARM64.Build.0 = Debug|Any CPU
		{0D507E48-DECD-4DED-B777-A4686390F1CB}.Debug|x64.ActiveCfg = Debug|Any CPU
		{0D507E48-DECD-4DED-B777-A4686390F1CB}.Debug|x64.Build.0 = Debug|Any CPU
		{0D507E48-DECD-4DED-B777-A4686390F1CB}.Debug|x86.ActiveCfg = Debug|Any CPU
		{0D507E48-DECD-4DED-B777-A4686390F1CB}.Debug|x86.Build.0 = Debug|Any CPU
		{0D507E48-DECD-4DED-B777-A4686390F1CB}.Release|Any CPU.ActiveCfg = Release|Any CPU
		{0D507E48-DECD-4DED-B777-A4686390F1CB}.Release|Any CPU.Build.0 = Release|Any CPU
		{0D507E48-DECD-4DED-B777-A4686390F1CB}.Release|ARM.ActiveCfg = Release|Any CPU
		{0D507E48-DECD-4DED-B777-A4686390F1CB}.Release|ARM.Build.0 = Release|Any CPU
		{0D507E48-DECD-4DED-B777-A4686390F1CB}.Release|ARM64.ActiveCfg = Release|Any CPU
		{0D507E48-DECD-4DED-B777-A4686390F1CB}.Release|ARM64.Build.0 = Release|Any CPU
		{0D507E48-DECD-4DED-B777-A4686390F1CB}.Release|x64.ActiveCfg = Release|Any CPU
		{0D507E48-DECD-4DED-B777-A4686390F1CB}.Release|x64.Build.0 = Release|Any CPU
		{0D507E48-DECD-4DED-B777-A4686390F1CB}.Release|x86.ActiveCfg = Release|Any CPU
		{0D507E48-DECD-4DED-B777-A4686390F1CB}.Release|x86.Build.0 = Release|Any CPU
		{AD8EAED9-90E1-401F-AA1A-687554D7E94A}.Debug|Any CPU.ActiveCfg = Debug|Any CPU
		{AD8EAED9-90E1-401F-AA1A-687554D7E94A}.Debug|Any CPU.Build.0 = Debug|Any CPU
		{AD8EAED9-90E1-401F-AA1A-687554D7E94A}.Debug|ARM.ActiveCfg = Debug|Any CPU
		{AD8EAED9-90E1-401F-AA1A-687554D7E94A}.Debug|ARM.Build.0 = Debug|Any CPU
		{AD8EAED9-90E1-401F-AA1A-687554D7E94A}.Debug|ARM64.ActiveCfg = Debug|Any CPU
		{AD8EAED9-90E1-401F-AA1A-687554D7E94A}.Debug|ARM64.Build.0 = Debug|Any CPU
		{AD8EAED9-90E1-401F-AA1A-687554D7E94A}.Debug|x64.ActiveCfg = Debug|Any CPU
		{AD8EAED9-90E1-401F-AA1A-687554D7E94A}.Debug|x64.Build.0 = Debug|Any CPU
		{AD8EAED9-90E1-401F-AA1A-687554D7E94A}.Debug|x86.ActiveCfg = Debug|Any CPU
		{AD8EAED9-90E1-401F-AA1A-687554D7E94A}.Debug|x86.Build.0 = Debug|Any CPU
		{AD8EAED9-90E1-401F-AA1A-687554D7E94A}.Release|Any CPU.ActiveCfg = Release|Any CPU
		{AD8EAED9-90E1-401F-AA1A-687554D7E94A}.Release|Any CPU.Build.0 = Release|Any CPU
		{AD8EAED9-90E1-401F-AA1A-687554D7E94A}.Release|ARM.ActiveCfg = Release|Any CPU
		{AD8EAED9-90E1-401F-AA1A-687554D7E94A}.Release|ARM.Build.0 = Release|Any CPU
		{AD8EAED9-90E1-401F-AA1A-687554D7E94A}.Release|ARM64.ActiveCfg = Release|Any CPU
		{AD8EAED9-90E1-401F-AA1A-687554D7E94A}.Release|ARM64.Build.0 = Release|Any CPU
		{AD8EAED9-90E1-401F-AA1A-687554D7E94A}.Release|x64.ActiveCfg = Release|Any CPU
		{AD8EAED9-90E1-401F-AA1A-687554D7E94A}.Release|x64.Build.0 = Release|Any CPU
		{AD8EAED9-90E1-401F-AA1A-687554D7E94A}.Release|x86.ActiveCfg = Release|Any CPU
		{AD8EAED9-90E1-401F-AA1A-687554D7E94A}.Release|x86.Build.0 = Release|Any CPU
		{AAFB9F86-8EDB-4E9B-9B7B-488B627C3929}.Debug|Any CPU.ActiveCfg = Debug|Any CPU
		{AAFB9F86-8EDB-4E9B-9B7B-488B627C3929}.Debug|Any CPU.Build.0 = Debug|Any CPU
		{AAFB9F86-8EDB-4E9B-9B7B-488B627C3929}.Debug|ARM.ActiveCfg = Debug|Any CPU
		{AAFB9F86-8EDB-4E9B-9B7B-488B627C3929}.Debug|ARM.Build.0 = Debug|Any CPU
		{AAFB9F86-8EDB-4E9B-9B7B-488B627C3929}.Debug|ARM64.ActiveCfg = Debug|Any CPU
		{AAFB9F86-8EDB-4E9B-9B7B-488B627C3929}.Debug|ARM64.Build.0 = Debug|Any CPU
		{AAFB9F86-8EDB-4E9B-9B7B-488B627C3929}.Debug|x64.ActiveCfg = Debug|Any CPU
		{AAFB9F86-8EDB-4E9B-9B7B-488B627C3929}.Debug|x64.Build.0 = Debug|Any CPU
		{AAFB9F86-8EDB-4E9B-9B7B-488B627C3929}.Debug|x86.ActiveCfg = Debug|Any CPU
		{AAFB9F86-8EDB-4E9B-9B7B-488B627C3929}.Debug|x86.Build.0 = Debug|Any CPU
		{AAFB9F86-8EDB-4E9B-9B7B-488B627C3929}.Release|Any CPU.ActiveCfg = Debug|Any CPU
		{AAFB9F86-8EDB-4E9B-9B7B-488B627C3929}.Release|Any CPU.Build.0 = Debug|Any CPU
		{AAFB9F86-8EDB-4E9B-9B7B-488B627C3929}.Release|ARM.ActiveCfg = Debug|Any CPU
		{AAFB9F86-8EDB-4E9B-9B7B-488B627C3929}.Release|ARM.Build.0 = Debug|Any CPU
		{AAFB9F86-8EDB-4E9B-9B7B-488B627C3929}.Release|ARM64.ActiveCfg = Debug|Any CPU
		{AAFB9F86-8EDB-4E9B-9B7B-488B627C3929}.Release|ARM64.Build.0 = Debug|Any CPU
		{AAFB9F86-8EDB-4E9B-9B7B-488B627C3929}.Release|x64.ActiveCfg = Debug|Any CPU
		{AAFB9F86-8EDB-4E9B-9B7B-488B627C3929}.Release|x64.Build.0 = Debug|Any CPU
		{AAFB9F86-8EDB-4E9B-9B7B-488B627C3929}.Release|x86.ActiveCfg = Debug|Any CPU
		{AAFB9F86-8EDB-4E9B-9B7B-488B627C3929}.Release|x86.Build.0 = Debug|Any CPU
	EndGlobalSection
	GlobalSection(SolutionProperties) = preSolution
		HideSolutionNode = FALSE
	EndGlobalSection
	GlobalSection(ExtensibilityGlobals) = postSolution
		SolutionGuid = {DE59C1EF-3B6D-4866-A44A-F44F72FBA0DC}
	EndGlobalSection
EndGlobal
